// !$*UTF8*$!
{
	archiveVersion = 1;
	classes = {
	};
	objectVersion = 56;
	objects = {

/* Begin PBXBuildFile section */
		2A0D35FD292897850075F974 /* AppDelegate.m in Sources */ = {isa = PBXBuildFile; fileRef = 2A0D35FC292897850075F974 /* AppDelegate.m */; };
		2A0D3600292897850075F974 /* SceneDelegate.m in Sources */ = {isa = PBXBuildFile; fileRef = 2A0D35FF292897850075F974 /* SceneDelegate.m */; };
		2A0D3603292897850075F974 /* ViewController.m in Sources */ = {isa = PBXBuildFile; fileRef = 2A0D3602292897850075F974 /* ViewController.m */; };
		2A0D3606292897850075F974 /* Main.storyboard in Resources */ = {isa = PBXBuildFile; fileRef = 2A0D3604292897850075F974 /* Main.storyboard */; };
		2A0D3608292897870075F974 /* Assets.xcassets in Resources */ = {isa = PBXBuildFile; fileRef = 2A0D3607292897870075F974 /* Assets.xcassets */; };
		2A0D360B292897870075F974 /* LaunchScreen.storyboard in Resources */ = {isa = PBXBuildFile; fileRef = 2A0D3609292897870075F974 /* LaunchScreen.storyboard */; };
		2A0D360E292897870075F974 /* main.m in Sources */ = {isa = PBXBuildFile; fileRef = 2A0D360D292897870075F974 /* main.m */; };
		2A0D3618292897870075F974 /* EffEctiveOBJ_C_1Tests.m in Sources */ = {isa = PBXBuildFile; fileRef = 2A0D3617292897870075F974 /* EffEctiveOBJ_C_1Tests.m */; };
		2A0D3622292897870075F974 /* EffEctiveOBJ_C_1UITests.m in Sources */ = {isa = PBXBuildFile; fileRef = 2A0D3621292897870075F974 /* EffEctiveOBJ_C_1UITests.m */; };
		2A0D3624292897870075F974 /* EffEctiveOBJ_C_1UITestsLaunchTests.m in Sources */ = {isa = PBXBuildFile; fileRef = 2A0D3623292897870075F974 /* EffEctiveOBJ_C_1UITestsLaunchTests.m */; };
		2A0D36322928A4E80075F974 /* EOCPerson.m in Sources */ = {isa = PBXBuildFile; fileRef = 2A0D36312928A4E80075F974 /* EOCPerson.m */; };
		2A0D36352928A4FE0075F974 /* EOCEmployer.m in Sources */ = {isa = PBXBuildFile; fileRef = 2A0D36342928A4FE0075F974 /* EOCEmployer.m */; };
/* End PBXBuildFile section */

/* Begin PBXContainerItemProxy section */
		2A0D3614292897870075F974 /* PBXContainerItemProxy */ = {
			isa = PBXContainerItemProxy;
			containerPortal = 2A0D35F0292897850075F974 /* Project object */;
			proxyType = 1;
			remoteGlobalIDString = 2A0D35F7292897850075F974;
			remoteInfo = "EffEctiveOBJ-C-1";
		};
		2A0D361E292897870075F974 /* PBXContainerItemProxy */ = {
			isa = PBXContainerItemProxy;
			containerPortal = 2A0D35F0292897850075F974 /* Project object */;
			proxyType = 1;
			remoteGlobalIDString = 2A0D35F7292897850075F974;
			remoteInfo = "EffEctiveOBJ-C-1";
		};
/* End PBXContainerItemProxy section */

/* Begin PBXFileReference section */
		2A0D35F8292897850075F974 /* EffEctiveOBJ-C-1.app */ = {isa = PBXFileReference; explicitFileType = wrapper.application; includeInIndex = 0; path = "EffEctiveOBJ-C-1.app"; sourceTree = BUILT_PRODUCTS_DIR; };
		2A0D35FB292897850075F974 /* AppDelegate.h */ = {isa = PBXFileReference; lastKnownFileType = sourcecode.c.h; path = AppDelegate.h; sourceTree = "<group>"; };
		2A0D35FC292897850075F974 /* AppDelegate.m */ = {isa = PBXFileReference; lastKnownFileType = sourcecode.c.objc; path = AppDelegate.m; sourceTree = "<group>"; };
		2A0D35FE292897850075F974 /* SceneDelegate.h */ = {isa = PBXFileReference; lastKnownFileType = sourcecode.c.h; path = SceneDelegate.h; sourceTree = "<group>"; };
		2A0D35FF292897850075F974 /* SceneDelegate.m */ = {isa = PBXFileReference; lastKnownFileType = sourcecode.c.objc; path = SceneDelegate.m; sourceTree = "<group>"; };
		2A0D3601292897850075F974 /* ViewController.h */ = {isa = PBXFileReference; lastKnownFileType = sourcecode.c.h; path = ViewController.h; sourceTree = "<group>"; };
		2A0D3602292897850075F974 /* ViewController.m */ = {isa = PBXFileReference; lastKnownFileType = sourcecode.c.objc; path = ViewController.m; sourceTree = "<group>"; };
		2A0D3605292897850075F974 /* Base */ = {isa = PBXFileReference; lastKnownFileType = file.storyboard; name = Base; path = Base.lproj/Main.storyboard; sourceTree = "<group>"; };
		2A0D3607292897870075F974 /* Assets.xcassets */ = {isa = PBXFileReference; lastKnownFileType = folder.assetcatalog; path = Assets.xcassets; sourceTree = "<group>"; };
		2A0D360A292897870075F974 /* Base */ = {isa = PBXFileReference; lastKnownFileType = file.storyboard; name = Base; path = Base.lproj/LaunchScreen.storyboard; sourceTree = "<group>"; };
		2A0D360C292897870075F974 /* Info.plist */ = {isa = PBXFileReference; lastKnownFileType = text.plist.xml; path = Info.plist; sourceTree = "<group>"; };
		2A0D360D292897870075F974 /* main.m */ = {isa = PBXFileReference; lastKnownFileType = sourcecode.c.objc; path = main.m; sourceTree = "<group>"; };
		2A0D3613292897870075F974 /* EffEctiveOBJ-C-1Tests.xctest */ = {isa = PBXFileReference; explicitFileType = wrapper.cfbundle; includeInIndex = 0; path = "EffEctiveOBJ-C-1Tests.xctest"; sourceTree = BUILT_PRODUCTS_DIR; };
		2A0D3617292897870075F974 /* EffEctiveOBJ_C_1Tests.m */ = {isa = PBXFileReference; lastKnownFileType = sourcecode.c.objc; path = EffEctiveOBJ_C_1Tests.m; sourceTree = "<group>"; };
		2A0D361D292897870075F974 /* EffEctiveOBJ-C-1UITests.xctest */ = {isa = PBXFileReference; explicitFileType = wrapper.cfbundle; includeInIndex = 0; path = "EffEctiveOBJ-C-1UITests.xctest"; sourceTree = BUILT_PRODUCTS_DIR; };
		2A0D3621292897870075F974 /* EffEctiveOBJ_C_1UITests.m */ = {isa = PBXFileReference; lastKnownFileType = sourcecode.c.objc; path = EffEctiveOBJ_C_1UITests.m; sourceTree = "<group>"; };
		2A0D3623292897870075F974 /* EffEctiveOBJ_C_1UITestsLaunchTests.m */ = {isa = PBXFileReference; lastKnownFileType = sourcecode.c.objc; path = EffEctiveOBJ_C_1UITestsLaunchTests.m; sourceTree = "<group>"; };
		2A0D36302928A4E80075F974 /* EOCPerson.h */ = {isa = PBXFileReference; lastKnownFileType = sourcecode.c.h; path = EOCPerson.h; sourceTree = "<group>"; };
		2A0D36312928A4E80075F974 /* EOCPerson.m */ = {isa = PBXFileReference; lastKnownFileType = sourcecode.c.objc; path = EOCPerson.m; sourceTree = "<group>"; };
		2A0D36332928A4FE0075F974 /* EOCEmployer.h */ = {isa = PBXFileReference; lastKnownFileType = sourcecode.c.h; path = EOCEmployer.h; sourceTree = "<group>"; };
		2A0D36342928A4FE0075F974 /* EOCEmployer.m */ = {isa = PBXFileReference; lastKnownFileType = sourcecode.c.objc; path = EOCEmployer.m; sourceTree = "<group>"; };
/* End PBXFileReference section */

/* Begin PBXFrameworksBuildPhase section */
		2A0D35F5292897850075F974 /* Frameworks */ = {
			isa = PBXFrameworksBuildPhase;
			buildActionMask = 2147483647;
			files = (
			);
			runOnlyForDeploymentPostprocessing = 0;
		};
		2A0D3610292897870075F974 /* Frameworks */ = {
			isa = PBXFrameworksBuildPhase;
			buildActionMask = 2147483647;
			files = (
			);
			runOnlyForDeploymentPostprocessing = 0;
		};
		2A0D361A292897870075F974 /* Frameworks */ = {
			isa = PBXFrameworksBuildPhase;
			buildActionMask = 2147483647;
			files = (
			);
			runOnlyForDeploymentPostprocessing = 0;
		};
/* End PBXFrameworksBuildPhase section */

/* Begin PBXGroup section */
		2A0D35EF292897850075F974 = {
			isa = PBXGroup;
			children = (
				2A0D35FA292897850075F974 /* EffEctiveOBJ-C-1 */,
				2A0D3616292897870075F974 /* EffEctiveOBJ-C-1Tests */,
				2A0D3620292897870075F974 /* EffEctiveOBJ-C-1UITests */,
				2A0D35F9292897850075F974 /* Products */,
			);
			sourceTree = "<group>";
		};
		2A0D35F9292897850075F974 /* Products */ = {
			isa = PBXGroup;
			children = (
				2A0D35F8292897850075F974 /* EffEctiveOBJ-C-1.app */,
				2A0D3613292897870075F974 /* EffEctiveOBJ-C-1Tests.xctest */,
				2A0D361D292897870075F974 /* EffEctiveOBJ-C-1UITests.xctest */,
			);
			name = Products;
			sourceTree = "<group>";
		};
		2A0D35FA292897850075F974 /* EffEctiveOBJ-C-1 */ = {
			isa = PBXGroup;
			children = (
				2A0D35FB292897850075F974 /* AppDelegate.h */,
				2A0D35FC292897850075F974 /* AppDelegate.m */,
				2A0D35FE292897850075F974 /* SceneDelegate.h */,
				2A0D35FF292897850075F974 /* SceneDelegate.m */,
				2A0D3601292897850075F974 /* ViewController.h */,
				2A0D3602292897850075F974 /* ViewController.m */,
				2A0D36302928A4E80075F974 /* EOCPerson.h */,
				2A0D36312928A4E80075F974 /* EOCPerson.m */,
				2A0D36332928A4FE0075F974 /* EOCEmployer.h */,
				2A0D36342928A4FE0075F974 /* EOCEmployer.m */,
				2A0D3604292897850075F974 /* Main.storyboard */,
				2A0D3607292897870075F974 /* Assets.xcassets */,
				2A0D3609292897870075F974 /* LaunchScreen.storyboard */,
				2A0D360C292897870075F974 /* Info.plist */,
				2A0D360D292897870075F974 /* main.m */,
			);
			path = "EffEctiveOBJ-C-1";
			sourceTree = "<group>";
		};
		2A0D3616292897870075F974 /* EffEctiveOBJ-C-1Tests */ = {
			isa = PBXGroup;
			children = (
				2A0D3617292897870075F974 /* EffEctiveOBJ_C_1Tests.m */,
			);
			path = "EffEctiveOBJ-C-1Tests";
			sourceTree = "<group>";
		};
		2A0D3620292897870075F974 /* EffEctiveOBJ-C-1UITests */ = {
			isa = PBXGroup;
			children = (
				2A0D3621292897870075F974 /* EffEctiveOBJ_C_1UITests.m */,
				2A0D3623292897870075F974 /* EffEctiveOBJ_C_1UITestsLaunchTests.m */,
			);
			path = "EffEctiveOBJ-C-1UITests";
			sourceTree = "<group>";
		};
/* End PBXGroup section */

/* Begin PBXNativeTarget section */
		2A0D35F7292897850075F974 /* EffEctiveOBJ-C-1 */ = {
			isa = PBXNativeTarget;
			buildConfigurationList = 2A0D3627292897870075F974 /* Build configuration list for PBXNativeTarget "EffEctiveOBJ-C-1" */;
			buildPhases = (
				2A0D35F4292897850075F974 /* Sources */,
				2A0D35F5292897850075F974 /* Frameworks */,
				2A0D35F6292897850075F974 /* Resources */,
			);
			buildRules = (
			);
			dependencies = (
			);
			name = "EffEctiveOBJ-C-1";
			productName = "EffEctiveOBJ-C-1";
			productReference = 2A0D35F8292897850075F974 /* EffEctiveOBJ-C-1.app */;
			productType = "com.apple.product-type.application";
		};
		2A0D3612292897870075F974 /* EffEctiveOBJ-C-1Tests */ = {
			isa = PBXNativeTarget;
			buildConfigurationList = 2A0D362A292897870075F974 /* Build configuration list for PBXNativeTarget "EffEctiveOBJ-C-1Tests" */;
			buildPhases = (
				2A0D360F292897870075F974 /* Sources */,
				2A0D3610292897870075F974 /* Frameworks */,
				2A0D3611292897870075F974 /* Resources */,
			);
			buildRules = (
			);
			dependencies = (
				2A0D3615292897870075F974 /* PBXTargetDependency */,
			);
			name = "EffEctiveOBJ-C-1Tests";
			productName = "EffEctiveOBJ-C-1Tests";
			productReference = 2A0D3613292897870075F974 /* EffEctiveOBJ-C-1Tests.xctest */;
			productType = "com.apple.product-type.bundle.unit-test";
		};
		2A0D361C292897870075F974 /* EffEctiveOBJ-C-1UITests */ = {
			isa = PBXNativeTarget;
			buildConfigurationList = 2A0D362D292897870075F974 /* Build configuration list for PBXNativeTarget "EffEctiveOBJ-C-1UITests" */;
			buildPhases = (
				2A0D3619292897870075F974 /* Sources */,
				2A0D361A292897870075F974 /* Frameworks */,
				2A0D361B292897870075F974 /* Resources */,
			);
			buildRules = (
			);
			dependencies = (
				2A0D361F292897870075F974 /* PBXTargetDependency */,
			);
			name = "EffEctiveOBJ-C-1UITests";
			productName = "EffEctiveOBJ-C-1UITests";
			productReference = 2A0D361D292897870075F974 /* EffEctiveOBJ-C-1UITests.xctest */;
			productType = "com.apple.product-type.bundle.ui-testing";
		};
/* End PBXNativeTarget section */

/* Begin PBXProject section */
		2A0D35F0292897850075F974 /* Project object */ = {
			isa = PBXProject;
			attributes = {
				BuildIndependentTargetsInParallel = 1;
				LastUpgradeCheck = 1410;
				TargetAttributes = {
					2A0D35F7292897850075F974 = {
						CreatedOnToolsVersion = 14.1;
					};
					2A0D3612292897870075F974 = {
						CreatedOnToolsVersion = 14.1;
						TestTargetID = 2A0D35F7292897850075F974;
					};
					2A0D361C292897870075F974 = {
						CreatedOnToolsVersion = 14.1;
						TestTargetID = 2A0D35F7292897850075F974;
					};
				};
			};
			buildConfigurationList = 2A0D35F3292897850075F974 /* Build configuration list for PBXProject "EffEctiveOBJ-C-1" */;
			compatibilityVersion = "Xcode 14.0";
			developmentRegion = en;
			hasScannedForEncodings = 0;
			knownRegions = (
				en,
				Base,
			);
			mainGroup = 2A0D35EF292897850075F974;
			productRefGroup = 2A0D35F9292897850075F974 /* Products */;
			projectDirPath = "";
			projectRoot = "";
			targets = (
				2A0D35F7292897850075F974 /* EffEctiveOBJ-C-1 */,
				2A0D3612292897870075F974 /* EffEctiveOBJ-C-1Tests */,
				2A0D361C292897870075F974 /* EffEctiveOBJ-C-1UITests */,
			);
		};
/* End PBXProject section */

/* Begin PBXResourcesBuildPhase section */
		2A0D35F6292897850075F974 /* Resources */ = {
			isa = PBXResourcesBuildPhase;
			buildActionMask = 2147483647;
			files = (
				2A0D360B292897870075F974 /* LaunchScreen.storyboard in Resources */,
				2A0D3608292897870075F974 /* Assets.xcassets in Resources */,
				2A0D3606292897850075F974 /* Main.storyboard in Resources */,
			);
			runOnlyForDeploymentPostprocessing = 0;
		};
		2A0D3611292897870075F974 /* Resources */ = {
			isa = PBXResourcesBuildPhase;
			buildActionMask = 2147483647;
			files = (
			);
			runOnlyForDeploymentPostprocessing = 0;
		};
		2A0D361B292897870075F974 /* Resources */ = {
			isa = PBXResourcesBuildPhase;
			buildActionMask = 2147483647;
			files = (
			);
			runOnlyForDeploymentPostprocessing = 0;
		};
/* End PBXResourcesBuildPhase section */

/* Begin PBXSourcesBuildPhase section */
		2A0D35F4292897850075F974 /* Sources */ = {
			isa = PBXSourcesBuildPhase;
			buildActionMask = 2147483647;
			files = (
				2A0D36352928A4FE0075F974 /* EOCEmployer.m in Sources */,
				2A0D3603292897850075F974 /* ViewController.m in Sources */,
				2A0D35FD292897850075F974 /* AppDelegate.m in Sources */,
				2A0D360E292897870075F974 /* main.m in Sources */,
				2A0D3600292897850075F974 /* SceneDelegate.m in Sources */,
				2A0D36322928A4E80075F974 /* EOCPerson.m in Sources */,
			);
			runOnlyForDeploymentPostprocessing = 0;
		};
		2A0D360F292897870075F974 /* Sources */ = {
			isa = PBXSourcesBuildPhase;
			buildActionMask = 2147483647;
			files = (
				2A0D3618292897870075F974 /* EffEctiveOBJ_C_1Tests.m in Sources */,
			);
			runOnlyForDeploymentPostprocessing = 0;
		};
		2A0D3619292897870075F974 /* Sources */ = {
			isa = PBXSourcesBuildPhase;
			buildActionMask = 2147483647;
			files = (
				2A0D3624292897870075F974 /* EffEctiveOBJ_C_1UITestsLaunchTests.m in Sources */,
				2A0D3622292897870075F974 /* EffEctiveOBJ_C_1UITests.m in Sources */,
			);
			runOnlyForDeploymentPostprocessing = 0;
		};
/* End PBXSourcesBuildPhase section */

/* Begin PBXTargetDependency section */
		2A0D3615292897870075F974 /* PBXTargetDependency */ = {
			isa = PBXTargetDependency;
			target = 2A0D35F7292897850075F974 /* EffEctiveOBJ-C-1 */;
			targetProxy = 2A0D3614292897870075F974 /* PBXContainerItemProxy */;
		};
		2A0D361F292897870075F974 /* PBXTargetDependency */ = {
			isa = PBXTargetDependency;
			target = 2A0D35F7292897850075F974 /* EffEctiveOBJ-C-1 */;
			targetProxy = 2A0D361E292897870075F974 /* PBXContainerItemProxy */;
		};
/* End PBXTargetDependency section */

/* Begin PBXVariantGroup section */
		2A0D3604292897850075F974 /* Main.storyboard */ = {
			isa = PBXVariantGroup;
			children = (
				2A0D3605292897850075F974 /* Base */,
			);
			name = Main.storyboard;
			sourceTree = "<group>";
		};
		2A0D3609292897870075F974 /* LaunchScreen.storyboard */ = {
			isa = PBXVariantGroup;
			children = (
				2A0D360A292897870075F974 /* Base */,
			);
			name = LaunchScreen.storyboard;
			sourceTree = "<group>";
		};
/* End PBXVariantGroup section */

/* Begin XCBuildConfiguration section */
		2A0D3625292897870075F974 /* Debug */ = {
			isa = XCBuildConfiguration;
			buildSettings = {
				ALWAYS_SEARCH_USER_PATHS = NO;
				CLANG_ANALYZER_NONNULL = YES;
				CLANG_ANALYZER_NUMBER_OBJECT_CONVERSION = YES_AGGRESSIVE;
				CLANG_CXX_LANGUAGE_STANDARD = "gnu++20";
				CLANG_ENABLE_MODULES = YES;
				CLANG_ENABLE_OBJC_ARC = YES;
				CLANG_ENABLE_OBJC_WEAK = YES;
				CLANG_WARN_BLOCK_CAPTURE_AUTORELEASING = YES;
				CLANG_WARN_BOOL_CONVERSION = YES;
				CLANG_WARN_COMMA = YES;
				CLANG_WARN_CONSTANT_CONVERSION = YES;
				CLANG_WARN_DEPRECATED_OBJC_IMPLEMENTATIONS = YES;
				CLANG_WARN_DIRECT_OBJC_ISA_USAGE = YES_ERROR;
				CLANG_WARN_DOCUMENTATION_COMMENTS = YES;
				CLANG_WARN_EMPTY_BODY = YES;
				CLANG_WARN_ENUM_CONVERSION = YES;
				CLANG_WARN_INFINITE_RECURSION = YES;
				CLANG_WARN_INT_CONVERSION = YES;
				CLANG_WARN_NON_LITERAL_NULL_CONVERSION = YES;
				CLANG_WARN_OBJC_IMPLICIT_RETAIN_SELF = YES;
				CLANG_WARN_OBJC_LITERAL_CONVERSION = YES;
				CLANG_WARN_OBJC_ROOT_CLASS = YES_ERROR;
				CLANG_WARN_QUOTED_INCLUDE_IN_FRAMEWORK_HEADER = YES;
				CLANG_WARN_RANGE_LOOP_ANALYSIS = YES;
				CLANG_WARN_STRICT_PROTOTYPES = YES;
				CLANG_WARN_SUSPICIOUS_MOVE = YES;
				CLANG_WARN_UNGUARDED_AVAILABILITY = YES_AGGRESSIVE;
				CLANG_WARN_UNREACHABLE_CODE = YES;
				CLANG_WARN__DUPLICATE_METHOD_MATCH = YES;
				COPY_PHASE_STRIP = NO;
				DEBUG_INFORMATION_FORMAT = dwarf;
				ENABLE_STRICT_OBJC_MSGSEND = YES;
				ENABLE_TESTABILITY = YES;
				GCC_C_LANGUAGE_STANDARD = gnu11;
				GCC_DYNAMIC_NO_PIC = NO;
				GCC_NO_COMMON_BLOCKS = YES;
				GCC_OPTIMIZATION_LEVEL = 0;
				GCC_PREPROCESSOR_DEFINITIONS = (
					"DEBUG=1",
					"$(inherited)",
				);
				GCC_WARN_64_TO_32_BIT_CONVERSION = YES;
				GCC_WARN_ABOUT_RETURN_TYPE = YES_ERROR;
				GCC_WARN_UNDECLARED_SELECTOR = YES;
				GCC_WARN_UNINITIALIZED_AUTOS = YES_AGGRESSIVE;
				GCC_WARN_UNUSED_FUNCTION = YES;
				GCC_WARN_UNUSED_VARIABLE = YES;
				IPHONEOS_DEPLOYMENT_TARGET = 16.1;
				MTL_ENABLE_DEBUG_INFO = INCLUDE_SOURCE;
				MTL_FAST_MATH = YES;
				ONLY_ACTIVE_ARCH = YES;
				SDKROOT = iphoneos;
			};
			name = Debug;
		};
		2A0D3626292897870075F974 /* Release */ = {
			isa = XCBuildConfiguration;
			buildSettings = {
				ALWAYS_SEARCH_USER_PATHS = NO;
				CLANG_ANALYZER_NONNULL = YES;
				CLANG_ANALYZER_NUMBER_OBJECT_CONVERSION = YES_AGGRESSIVE;
				CLANG_CXX_LANGUAGE_STANDARD = "gnu++20";
				CLANG_ENABLE_MODULES = YES;
				CLANG_ENABLE_OBJC_ARC = YES;
				CLANG_ENABLE_OBJC_WEAK = YES;
				CLANG_WARN_BLOCK_CAPTURE_AUTORELEASING = YES;
				CLANG_WARN_BOOL_CONVERSION = YES;
				CLANG_WARN_COMMA = YES;
				CLANG_WARN_CONSTANT_CONVERSION = YES;
				CLANG_WARN_DEPRECATED_OBJC_IMPLEMENTATIONS = YES;
				CLANG_WARN_DIRECT_OBJC_ISA_USAGE = YES_ERROR;
				CLANG_WARN_DOCUMENTATION_COMMENTS = YES;
				CLANG_WARN_EMPTY_BODY = YES;
				CLANG_WARN_ENUM_CONVERSION = YES;
				CLANG_WARN_INFINITE_RECURSION = YES;
				CLANG_WARN_INT_CONVERSION = YES;
				CLANG_WARN_NON_LITERAL_NULL_CONVERSION = YES;
				CLANG_WARN_OBJC_IMPLICIT_RETAIN_SELF = YES;
				CLANG_WARN_OBJC_LITERAL_CONVERSION = YES;
				CLANG_WARN_OBJC_ROOT_CLASS = YES_ERROR;
				CLANG_WARN_QUOTED_INCLUDE_IN_FRAMEWORK_HEADER = YES;
				CLANG_WARN_RANGE_LOOP_ANALYSIS = YES;
				CLANG_WARN_STRICT_PROTOTYPES = YES;
				CLANG_WARN_SUSPICIOUS_MOVE = YES;
				CLANG_WARN_UNGUARDED_AVAILABILITY = YES_AGGRESSIVE;
				CLANG_WARN_UNREACHABLE_CODE = YES;
				CLANG_WARN__DUPLICATE_METHOD_MATCH = YES;
				COPY_PHASE_STRIP = NO;
				DEBUG_INFORMATION_FORMAT = "dwarf-with-dsym";
				ENABLE_NS_ASSERTIONS = NO;
				ENABLE_STRICT_OBJC_MSGSEND = YES;
				GCC_C_LANGUAGE_STANDARD = gnu11;
				GCC_NO_COMMON_BLOCKS = YES;
				GCC_WARN_64_TO_32_BIT_CONVERSION = YES;
				GCC_WARN_ABOUT_RETURN_TYPE = YES_ERROR;
				GCC_WARN_UNDECLARED_SELECTOR = YES;
				GCC_WARN_UNINITIALIZED_AUTOS = YES_AGGRESSIVE;
				GCC_WARN_UNUSED_FUNCTION = YES;
				GCC_WARN_UNUSED_VARIABLE = YES;
				IPHONEOS_DEPLOYMENT_TARGET = 16.1;
				MTL_ENABLE_DEBUG_INFO = NO;
				MTL_FAST_MATH = YES;
				SDKROOT = iphoneos;
				VALIDATE_PRODUCT = YES;
			};
			name = Release;
		};
		2A0D3628292897870075F974 /* Debug */ = {
			isa = XCBuildConfiguration;
			buildSettings = {
				ASSETCATALOG_COMPILER_APPICON_NAME = AppIcon;
				ASSETCATALOG_COMPILER_GLOBAL_ACCENT_COLOR_NAME = AccentColor;
				CODE_SIGN_STYLE = Automatic;
				CURRENT_PROJECT_VERSION = 1;
				GENERATE_INFOPLIST_FILE = YES;
				INFOPLIST_FILE = "EffEctiveOBJ-C-1/Info.plist";
				INFOPLIST_KEY_UIApplicationSupportsIndirectInputEvents = YES;
				INFOPLIST_KEY_UILaunchStoryboardName = LaunchScreen;
				INFOPLIST_KEY_UIMainStoryboardFile = Main;
				INFOPLIST_KEY_UISupportedInterfaceOrientations_iPad = "UIInterfaceOrientationPortrait UIInterfaceOrientationPortraitUpsideDown UIInterfaceOrientationLandscapeLeft UIInterfaceOrientationLandscapeRight";
				INFOPLIST_KEY_UISupportedInterfaceOrientations_iPhone = "UIInterfaceOrientationPortrait UIInterfaceOrientationLandscapeLeft UIInterfaceOrientationLandscapeRight";
				LD_RUNPATH_SEARCH_PATHS = (
					"$(inherited)",
					"@executable_path/Frameworks",
				);
				MARKETING_VERSION = 1.0;
				PRODUCT_BUNDLE_IDENTIFIER = "-11111.EffEctiveOBJ-C-1";
				PRODUCT_NAME = "$(TARGET_NAME)";
				SWIFT_EMIT_LOC_STRINGS = YES;
				TARGETED_DEVICE_FAMILY = "1,2";
			};
			name = Debug;
		};
		2A0D3629292897870075F974 /* Release */ = {
			isa = XCBuildConfiguration;
			buildSettings = {
				ASSETCATALOG_COMPILER_APPICON_NAME = AppIcon;
				ASSETCATALOG_COMPILER_GLOBAL_ACCENT_COLOR_NAME = AccentColor;
				CODE_SIGN_STYLE = Automatic;
				CURRENT_PROJECT_VERSION = 1;
				GENERATE_INFOPLIST_FILE = YES;
				INFOPLIST_FILE = "EffEctiveOBJ-C-1/Info.plist";
				INFOPLIST_KEY_UIApplicationSupportsIndirectInputEvents = YES;
				INFOPLIST_KEY_UILaunchStoryboardName = LaunchScreen;
				INFOPLIST_KEY_UIMainStoryboardFile = Main;
				INFOPLIST_KEY_UISupportedInterfaceOrientations_iPad = "UIInterfaceOrientationPortrait UIInterfaceOrientationPortraitUpsideDown UIInterfaceOrientationLandscapeLeft UIInterfaceOrientationLandscapeRight";
				INFOPLIST_KEY_UISupportedInterfaceOrientations_iPhone = "UIInterfaceOrientationPortrait UIInterfaceOrientationLandscapeLeft UIInterfaceOrientationLandscapeRight";
				LD_RUNPATH_SEARCH_PATHS = (
					"$(inherited)",
					"@executable_path/Frameworks",
				);
				MARKETING_VERSION = 1.0;
				PRODUCT_BUNDLE_IDENTIFIER = "-11111.EffEctiveOBJ-C-1";
				PRODUCT_NAME = "$(TARGET_NAME)";
				SWIFT_EMIT_LOC_STRINGS = YES;
				TARGETED_DEVICE_FAMILY = "1,2";
			};
			name = Release;
		};
		2A0D362B292897870075F974 /* Debug */ = {
			isa = XCBuildConfiguration;
			buildSettings = {
				BUNDLE_LOADER = "$(TEST_HOST)";
				CODE_SIGN_STYLE = Automatic;
				CURRENT_PROJECT_VERSION = 1;
				GENERATE_INFOPLIST_FILE = YES;
				IPHONEOS_DEPLOYMENT_TARGET = 16.1;
				MARKETING_VERSION = 1.0;
				PRODUCT_BUNDLE_IDENTIFIER = "-11111.EffEctiveOBJ-C-1Tests";
				PRODUCT_NAME = "$(TARGET_NAME)";
				SWIFT_EMIT_LOC_STRINGS = NO;
				TARGETED_DEVICE_FAMILY = "1,2";
				TEST_HOST = "$(BUILT_PRODUCTS_DIR)/EffEctiveOBJ-C-1.app/$(BUNDLE_EXECUTABLE_FOLDER_PATH)/EffEctiveOBJ-C-1";
			};
			name = Debug;
		};
		2A0D362C292897870075F974 /* Release */ = {
			isa = XCBuildConfiguration;
			buildSettings = {
				BUNDLE_LOADER = "$(TEST_HOST)";
				CODE_SIGN_STYLE = Automatic;
				CURRENT_PROJECT_VERSION = 1;
				GENERATE_INFOPLIST_FILE = YES;
				IPHONEOS_DEPLOYMENT_TARGET = 16.1;
				MARKETING_VERSION = 1.0;
				PRODUCT_BUNDLE_IDENTIFIER = "-11111.EffEctiveOBJ-C-1Tests";
				PRODUCT_NAME = "$(TARGET_NAME)";
				SWIFT_EMIT_LOC_STRINGS = NO;
				TARGETED_DEVICE_FAMILY = "1,2";
				TEST_HOST = "$(BUILT_PRODUCTS_DIR)/EffEctiveOBJ-C-1.app/$(BUNDLE_EXECUTABLE_FOLDER_PATH)/EffEctiveOBJ-C-1";
			};
			name = Release;
		};
		2A0D362E292897870075F974 /* Debug */ = {
			isa = XCBuildConfiguration;
			buildSettings = {
				CODE_SIGN_STYLE = Automatic;
				CURRENT_PROJECT_VERSION = 1;
				GENERATE_INFOPLIST_FILE = YES;
				MARKETING_VERSION = 1.0;
				PRODUCT_BUNDLE_IDENTIFIER = "-11111.EffEctiveOBJ-C-1UITests";
				PRODUCT_NAME = "$(TARGET_NAME)";
				SWIFT_EMIT_LOC_STRINGS = NO;
				TARGETED_DEVICE_FAMILY = "1,2";
				TEST_TARGET_NAME = "EffEctiveOBJ-C-1";
			};
			name = Debug;
		};
		2A0D362F292897870075F974 /* Release */ = {
			isa = XCBuildConfiguration;
			buildSettings = {
				CODE_SIGN_STYLE = Automatic;
				CURRENT_PROJECT_VERSION = 1;
				GENERATE_INFOPLIST_FILE = YES;
				MARKETING_VERSION = 1.0;
				PRODUCT_BUNDLE_IDENTIFIER = "-11111.EffEctiveOBJ-C-1UITests";
				PRODUCT_NAME = "$(TARGET_NAME)";
				SWIFT_EMIT_LOC_STRINGS = NO;
				TARGETED_DEVICE_FAMILY = "1,2";
				TEST_TARGET_NAME = "EffEctiveOBJ-C-1";
			};
			name = Release;
		};
/* End XCBuildConfiguration section */

/* Begin XCConfigurationList section */
		2A0D35F3292897850075F974 /* Build configuration list for PBXProject "EffEctiveOBJ-C-1" */ = {
			isa = XCConfigurationList;
			buildConfigurations = (
				2A0D3625292897870075F974 /* Debug */,
				2A0D3626292897870075F974 /* Release */,
			);
			defaultConfigurationIsVisible = 0;
			defaultConfigurationName = Release;
		};
		2A0D3627292897870075F974 /* Build configuration list for PBXNativeTarget "EffEctiveOBJ-C-1" */ = {
			isa = XCConfigurationList;
			buildConfigurations = (
				2A0D3628292897870075F974 /* Debug */,
				2A0D3629292897870075F974 /* Release */,
			);
			defaultConfigurationIsVisible = 0;
			defaultConfigurationName = Release;
		};
		2A0D362A292897870075F974 /* Build configuration list for PBXNativeTarget "EffEctiveOBJ-C-1Tests" */ = {
			isa = XCConfigurationList;
			buildConfigurations = (
				2A0D362B292897870075F974 /* Debug */,
				2A0D362C292897870075F974 /* Release */,
			);
			defaultConfigurationIsVisible = 0;
			defaultConfigurationName = Release;
		};
		2A0D362D292897870075F974 /* Build configuration list for PBXNativeTarget "EffEctiveOBJ-C-1UITests" */ = {
			isa = XCConfigurationList;
			buildConfigurations = (
				2A0D362E292897870075F974 /* Debug */,
				2A0D362F292897870075F974 /* Release */,
			);
			defaultConfigurationIsVisible = 0;
			defaultConfigurationName = Release;
		};
/* End XCConfigurationList section */
	};
	rootObject = 2A0D35F0292897850075F974 /* Project object */;
}
